// !$*UTF8*$!
{
	archiveVersion = 1;
	classes = {
	};
	objectVersion = 56;
	objects = {

/* Begin PBXBuildFile section */
		84AF992A29C1FDD100936DCB /* Ws23_2_App.swift in Sources */ = {isa = PBXBuildFile; fileRef = 84AF992929C1FDD100936DCB /* Ws23_2_App.swift */; };
		84AF992E29C1FDD200936DCB /* Assets.xcassets in Resources */ = {isa = PBXBuildFile; fileRef = 84AF992D29C1FDD200936DCB /* Assets.xcassets */; };
		84AF993129C1FDD200936DCB /* Preview Assets.xcassets in Resources */ = {isa = PBXBuildFile; fileRef = 84AF993029C1FDD200936DCB /* Preview Assets.xcassets */; };
		84AF993929C1FDE700936DCB /* SDWebImageSwiftUI in Frameworks */ = {isa = PBXBuildFile; productRef = 84AF993829C1FDE700936DCB /* SDWebImageSwiftUI */; };
		84AF993C29C1FDFB00936DCB /* Alamofire in Frameworks */ = {isa = PBXBuildFile; productRef = 84AF993B29C1FDFB00936DCB /* Alamofire */; };
		84AF994629C1FE6600936DCB /* Main3.swift in Sources */ = {isa = PBXBuildFile; fileRef = 84AF993D29C1FE6500936DCB /* Main3.swift */; };
		84AF994729C1FE6600936DCB /* Hub.swift in Sources */ = {isa = PBXBuildFile; fileRef = 84AF993E29C1FE6500936DCB /* Hub.swift */; };
		84AF994829C1FE6600936DCB /* Main.swift in Sources */ = {isa = PBXBuildFile; fileRef = 84AF993F29C1FE6500936DCB /* Main.swift */; };
		84AF994929C1FE6600936DCB /* PacientCardCreate.swift in Sources */ = {isa = PBXBuildFile; fileRef = 84AF994029C1FE6500936DCB /* PacientCardCreate.swift */; };
		84AF994A29C1FE6600936DCB /* ContentView.swift in Sources */ = {isa = PBXBuildFile; fileRef = 84AF994129C1FE6500936DCB /* ContentView.swift */; };
		84AF994B29C1FE6600936DCB /* Main2.swift in Sources */ = {isa = PBXBuildFile; fileRef = 84AF994229C1FE6500936DCB /* Main2.swift */; };
		84AF994C29C1FE6600936DCB /* ButtonCircle.swift in Sources */ = {isa = PBXBuildFile; fileRef = 84AF994329C1FE6600936DCB /* ButtonCircle.swift */; };
		84AF994D29C1FE6600936DCB /* CreatePasswordView.swift in Sources */ = {isa = PBXBuildFile; fileRef = 84AF994429C1FE6600936DCB /* CreatePasswordView.swift */; };
		84AF994E29C1FE6600936DCB /* VvodKoda.swift in Sources */ = {isa = PBXBuildFile; fileRef = 84AF994529C1FE6600936DCB /* VvodKoda.swift */; };
		84AF995029C1FEA000936DCB /* CatalogView.swift in Sources */ = {isa = PBXBuildFile; fileRef = 84AF994F29C1FEA000936DCB /* CatalogView.swift */; };
/* End PBXBuildFile section */

/* Begin PBXFileReference section */
		84AF992629C1FDD100936DCB /* Ws23(2).app */ = {isa = PBXFileReference; explicitFileType = wrapper.application; includeInIndex = 0; path = "Ws23(2).app"; sourceTree = BUILT_PRODUCTS_DIR; };
		84AF992929C1FDD100936DCB /* Ws23_2_App.swift */ = {isa = PBXFileReference; lastKnownFileType = sourcecode.swift; path = Ws23_2_App.swift; sourceTree = "<group>"; };
		84AF992D29C1FDD200936DCB /* Assets.xcassets */ = {isa = PBXFileReference; lastKnownFileType = folder.assetcatalog; path = Assets.xcassets; sourceTree = "<group>"; };
		84AF993029C1FDD200936DCB /* Preview Assets.xcassets */ = {isa = PBXFileReference; lastKnownFileType = folder.assetcatalog; path = "Preview Assets.xcassets"; sourceTree = "<group>"; };
		84AF993D29C1FE6500936DCB /* Main3.swift */ = {isa = PBXFileReference; fileEncoding = 4; lastKnownFileType = sourcecode.swift; name = Main3.swift; path = "../../../Laboratornaya rabota(Saliy)/WS23(Sessions)/WS23(Sessions)/Main3.swift"; sourceTree = "<group>"; };
		84AF993E29C1FE6500936DCB /* Hub.swift */ = {isa = PBXFileReference; fileEncoding = 4; lastKnownFileType = sourcecode.swift; name = Hub.swift; path = "../../../Laboratornaya rabota(Saliy)/WS23(Sessions)/WS23(Sessions)/Hub.swift"; sourceTree = "<group>"; };
		84AF993F29C1FE6500936DCB /* Main.swift */ = {isa = PBXFileReference; fileEncoding = 4; lastKnownFileType = sourcecode.swift; name = Main.swift; path = "../../../Laboratornaya rabota(Saliy)/WS23(Sessions)/WS23(Sessions)/Main.swift"; sourceTree = "<group>"; };
		84AF994029C1FE6500936DCB /* PacientCardCreate.swift */ = {isa = PBXFileReference; fileEncoding = 4; lastKnownFileType = sourcecode.swift; name = PacientCardCreate.swift; path = "../../../Laboratornaya rabota(Saliy)/WS23(Sessions)/WS23(Sessions)/PacientCardCreate.swift"; sourceTree = "<group>"; };
		84AF994129C1FE6500936DCB /* ContentView.swift */ = {isa = PBXFileReference; fileEncoding = 4; lastKnownFileType = sourcecode.swift; name = ContentView.swift; path = "../../../Laboratornaya rabota(Saliy)/WS23(Sessions)/WS23(Sessions)/ContentView.swift"; sourceTree = "<group>"; };
		84AF994229C1FE6500936DCB /* Main2.swift */ = {isa = PBXFileReference; fileEncoding = 4; lastKnownFileType = sourcecode.swift; name = Main2.swift; path = "../../../Laboratornaya rabota(Saliy)/WS23(Sessions)/WS23(Sessions)/Main2.swift"; sourceTree = "<group>"; };
		84AF994329C1FE6600936DCB /* ButtonCircle.swift */ = {isa = PBXFileReference; fileEncoding = 4; lastKnownFileType = sourcecode.swift; name = ButtonCircle.swift; path = "../../../Laboratornaya rabota(Saliy)/WS23(Sessions)/WS23(Sessions)/ButtonCircle.swift"; sourceTree = "<group>"; };
		84AF994429C1FE6600936DCB /* CreatePasswordView.swift */ = {isa = PBXFileReference; fileEncoding = 4; lastKnownFileType = sourcecode.swift; name = CreatePasswordView.swift; path = "../../../Laboratornaya rabota(Saliy)/WS23(Sessions)/WS23(Sessions)/CreatePasswordView.swift"; sourceTree = "<group>"; };
		84AF994529C1FE6600936DCB /* VvodKoda.swift */ = {isa = PBXFileReference; fileEncoding = 4; lastKnownFileType = sourcecode.swift; name = VvodKoda.swift; path = "../../../Laboratornaya rabota(Saliy)/WS23(Sessions)/WS23(Sessions)/VvodKoda.swift"; sourceTree = "<group>"; };
		84AF994F29C1FEA000936DCB /* CatalogView.swift */ = {isa = PBXFileReference; lastKnownFileType = sourcecode.swift; path = CatalogView.swift; sourceTree = "<group>"; };
/* End PBXFileReference section */

/* Begin PBXFrameworksBuildPhase section */
		84AF992329C1FDD100936DCB /* Frameworks */ = {
			isa = PBXFrameworksBuildPhase;
			buildActionMask = 2147483647;
			files = (
				84AF993929C1FDE700936DCB /* SDWebImageSwiftUI in Frameworks */,
				84AF993C29C1FDFB00936DCB /* Alamofire in Frameworks */,
			);
			runOnlyForDeploymentPostprocessing = 0;
		};
/* End PBXFrameworksBuildPhase section */

/* Begin PBXGroup section */
		84AF991D29C1FDD100936DCB = {
			isa = PBXGroup;
			children = (
				84AF992829C1FDD100936DCB /* Ws23(2) */,
				84AF992729C1FDD100936DCB /* Products */,
			);
			sourceTree = "<group>";
		};
		84AF992729C1FDD100936DCB /* Products */ = {
			isa = PBXGroup;
			children = (
				84AF992629C1FDD100936DCB /* Ws23(2).app */,
			);
			name = Products;
			sourceTree = "<group>";
		};
		84AF992829C1FDD100936DCB /* Ws23(2) */ = {
			isa = PBXGroup;
			children = (
				84AF992929C1FDD100936DCB /* Ws23_2_App.swift */,
				84AF994329C1FE6600936DCB /* ButtonCircle.swift */,
				84AF994129C1FE6500936DCB /* ContentView.swift */,
				84AF994429C1FE6600936DCB /* CreatePasswordView.swift */,
				84AF993E29C1FE6500936DCB /* Hub.swift */,
				84AF993F29C1FE6500936DCB /* Main.swift */,
				84AF994229C1FE6500936DCB /* Main2.swift */,
				84AF993D29C1FE6500936DCB /* Main3.swift */,
				84AF994029C1FE6500936DCB /* PacientCardCreate.swift */,
				84AF994529C1FE6600936DCB /* VvodKoda.swift */,
				84AF994F29C1FEA000936DCB /* CatalogView.swift */,
				84AF992D29C1FDD200936DCB /* Assets.xcassets */,
				84AF992F29C1FDD200936DCB /* Preview Content */,
			);
			path = "Ws23(2)";
			sourceTree = "<group>";
		};
		84AF992F29C1FDD200936DCB /* Preview Content */ = {
			isa = PBXGroup;
			children = (
				84AF993029C1FDD200936DCB /* Preview Assets.xcassets */,
			);
			path = "Preview Content";
			sourceTree = "<group>";
		};
/* End PBXGroup section */

/* Begin PBXNativeTarget section */
		84AF992529C1FDD100936DCB /* Ws23(2) */ = {
			isa = PBXNativeTarget;
			buildConfigurationList = 84AF993429C1FDD200936DCB /* Build configuration list for PBXNativeTarget "Ws23(2)" */;
			buildPhases = (
				84AF992229C1FDD100936DCB /* Sources */,
				84AF992329C1FDD100936DCB /* Frameworks */,
				84AF992429C1FDD100936DCB /* Resources */,
			);
			buildRules = (
			);
			dependencies = (
			);
			name = "Ws23(2)";
			packageProductDependencies = (
				84AF993829C1FDE700936DCB /* SDWebImageSwiftUI */,
				84AF993B29C1FDFB00936DCB /* Alamofire */,
			);
			productName = "Ws23(2)";
			productReference = 84AF992629C1FDD100936DCB /* Ws23(2).app */;
			productType = "com.apple.product-type.application";
		};
/* End PBXNativeTarget section */

/* Begin PBXProject section */
		84AF991E29C1FDD100936DCB /* Project object */ = {
			isa = PBXProject;
			attributes = {
				BuildIndependentTargetsInParallel = 1;
				LastSwiftUpdateCheck = 1400;
				LastUpgradeCheck = 1400;
				TargetAttributes = {
					84AF992529C1FDD100936DCB = {
						CreatedOnToolsVersion = 14.0;
					};
				};
			};
			buildConfigurationList = 84AF992129C1FDD100936DCB /* Build configuration list for PBXProject "Ws23(2)" */;
			compatibilityVersion = "Xcode 14.0";
			developmentRegion = en;
			hasScannedForEncodings = 0;
			knownRegions = (
				en,
				Base,
			);
			mainGroup = 84AF991D29C1FDD100936DCB;
			packageReferences = (
				84AF993729C1FDE700936DCB /* XCRemoteSwiftPackageReference "SDWebImageSwiftUI" */,
				84AF993A29C1FDFB00936DCB /* XCRemoteSwiftPackageReference "Alamofire" */,
			);
			productRefGroup = 84AF992729C1FDD100936DCB /* Products */;
			projectDirPath = "";
			projectRoot = "";
			targets = (
				84AF992529C1FDD100936DCB /* Ws23(2) */,
			);
		};
/* End PBXProject section */

/* Begin PBXResourcesBuildPhase section */
		84AF992429C1FDD100936DCB /* Resources */ = {
			isa = PBXResourcesBuildPhase;
			buildActionMask = 2147483647;
			files = (
				84AF993129C1FDD200936DCB /* Preview Assets.xcassets in Resources */,
				84AF992E29C1FDD200936DCB /* Assets.xcassets in Resources */,
			);
			runOnlyForDeploymentPostprocessing = 0;
		};
/* End PBXResourcesBuildPhase section */

/* Begin PBXSourcesBuildPhase section */
		84AF992229C1FDD100936DCB /* Sources */ = {
			isa = PBXSourcesBuildPhase;
			buildActionMask = 2147483647;
			files = (
				84AF994929C1FE6600936DCB /* PacientCardCreate.swift in Sources */,
				84AF994829C1FE6600936DCB /* Main.swift in Sources */,
				84AF994A29C1FE6600936DCB /* ContentView.swift in Sources */,
				84AF994629C1FE6600936DCB /* Main3.swift in Sources */,
				84AF994B29C1FE6600936DCB /* Main2.swift in Sources */,
				84AF992A29C1FDD100936DCB /* Ws23_2_App.swift in Sources */,
				84AF994D29C1FE6600936DCB /* CreatePasswordView.swift in Sources */,
				84AF995029C1FEA000936DCB /* CatalogView.swift in Sources */,
				84AF994E29C1FE6600936DCB /* VvodKoda.swift in Sources */,
				84AF994729C1FE6600936DCB /* Hub.swift in Sources */,
				84AF994C29C1FE6600936DCB /* ButtonCircle.swift in Sources */,
			);
			runOnlyForDeploymentPostprocessing = 0;
		};
/* End PBXSourcesBuildPhase section */

/* Begin XCBuildConfiguration section */
		84AF993229C1FDD200936DCB /* Debug */ = {
			isa = XCBuildConfiguration;
			buildSettings = {
				ALWAYS_SEARCH_USER_PATHS = NO;
				CLANG_ANALYZER_NONNULL = YES;
				CLANG_ANALYZER_NUMBER_OBJECT_CONVERSION = YES_AGGRESSIVE;
				CLANG_CXX_LANGUAGE_STANDARD = "gnu++20";
				CLANG_ENABLE_MODULES = YES;
				CLANG_ENABLE_OBJC_ARC = YES;
				CLANG_ENABLE_OBJC_WEAK = YES;
				CLANG_WARN_BLOCK_CAPTURE_AUTORELEASING = YES;
				CLANG_WARN_BOOL_CONVERSION = YES;
				CLANG_WARN_COMMA = YES;
				CLANG_WARN_CONSTANT_CONVERSION = YES;
				CLANG_WARN_DEPRECATED_OBJC_IMPLEMENTATIONS = YES;
				CLANG_WARN_DIRECT_OBJC_ISA_USAGE = YES_ERROR;
				CLANG_WARN_DOCUMENTATION_COMMENTS = YES;
				CLANG_WARN_EMPTY_BODY = YES;
				CLANG_WARN_ENUM_CONVERSION = YES;
				CLANG_WARN_INFINITE_RECURSION = YES;
				CLANG_WARN_INT_CONVERSION = YES;
				CLANG_WARN_NON_LITERAL_NULL_CONVERSION = YES;
				CLANG_WARN_OBJC_IMPLICIT_RETAIN_SELF = YES;
				CLANG_WARN_OBJC_LITERAL_CONVERSION = YES;
				CLANG_WARN_OBJC_ROOT_CLASS = YES_ERROR;
				CLANG_WARN_QUOTED_INCLUDE_IN_FRAMEWORK_HEADER = YES;
				CLANG_WARN_RANGE_LOOP_ANALYSIS = YES;
				CLANG_WARN_STRICT_PROTOTYPES = YES;
				CLANG_WARN_SUSPICIOUS_MOVE = YES;
				CLANG_WARN_UNGUARDED_AVAILABILITY = YES_AGGRESSIVE;
				CLANG_WARN_UNREACHABLE_CODE = YES;
				CLANG_WARN__DUPLICATE_METHOD_MATCH = YES;
				COPY_PHASE_STRIP = NO;
				DEBUG_INFORMATION_FORMAT = dwarf;
				ENABLE_STRICT_OBJC_MSGSEND = YES;
				ENABLE_TESTABILITY = YES;
				GCC_C_LANGUAGE_STANDARD = gnu11;
				GCC_DYNAMIC_NO_PIC = NO;
				GCC_NO_COMMON_BLOCKS = YES;
				GCC_OPTIMIZATION_LEVEL = 0;
				GCC_PREPROCESSOR_DEFINITIONS = (
					"DEBUG=1",
					"$(inherited)",
				);
				GCC_WARN_64_TO_32_BIT_CONVERSION = YES;
				GCC_WARN_ABOUT_RETURN_TYPE = YES_ERROR;
				GCC_WARN_UNDECLARED_SELECTOR = YES;
				GCC_WARN_UNINITIALIZED_AUTOS = YES_AGGRESSIVE;
				GCC_WARN_UNUSED_FUNCTION = YES;
				GCC_WARN_UNUSED_VARIABLE = YES;
				IPHONEOS_DEPLOYMENT_TARGET = 16.0;
				MTL_ENABLE_DEBUG_INFO = INCLUDE_SOURCE;
				MTL_FAST_MATH = YES;
				ONLY_ACTIVE_ARCH = YES;
				SDKROOT = iphoneos;
				SWIFT_ACTIVE_COMPILATION_CONDITIONS = DEBUG;
				SWIFT_OPTIMIZATION_LEVEL = "-Onone";
			};
			name = Debug;
		};
		84AF993329C1FDD200936DCB /* Release */ = {
			isa = XCBuildConfiguration;
			buildSettings = {
				ALWAYS_SEARCH_USER_PATHS = NO;
				CLANG_ANALYZER_NONNULL = YES;
				CLANG_ANALYZER_NUMBER_OBJECT_CONVERSION = YES_AGGRESSIVE;
				CLANG_CXX_LANGUAGE_STANDARD = "gnu++20";
				CLANG_ENABLE_MODULES = YES;
				CLANG_ENABLE_OBJC_ARC = YES;
				CLANG_ENABLE_OBJC_WEAK = YES;
				CLANG_WARN_BLOCK_CAPTURE_AUTORELEASING = YES;
				CLANG_WARN_BOOL_CONVERSION = YES;
				CLANG_WARN_COMMA = YES;
				CLANG_WARN_CONSTANT_CONVERSION = YES;
				CLANG_WARN_DEPRECATED_OBJC_IMPLEMENTATIONS = YES;
				CLANG_WARN_DIRECT_OBJC_ISA_USAGE = YES_ERROR;
				CLANG_WARN_DOCUMENTATION_COMMENTS = YES;
				CLANG_WARN_EMPTY_BODY = YES;
				CLANG_WARN_ENUM_CONVERSION = YES;
				CLANG_WARN_INFINITE_RECURSION = YES;
				CLANG_WARN_INT_CONVERSION = YES;
				CLANG_WARN_NON_LITERAL_NULL_CONVERSION = YES;
				CLANG_WARN_OBJC_IMPLICIT_RETAIN_SELF = YES;
				CLANG_WARN_OBJC_LITERAL_CONVERSION = YES;
				CLANG_WARN_OBJC_ROOT_CLASS = YES_ERROR;
				CLANG_WARN_QUOTED_INCLUDE_IN_FRAMEWORK_HEADER = YES;
				CLANG_WARN_RANGE_LOOP_ANALYSIS = YES;
				CLANG_WARN_STRICT_PROTOTYPES = YES;
				CLANG_WARN_SUSPICIOUS_MOVE = YES;
				CLANG_WARN_UNGUARDED_AVAILABILITY = YES_AGGRESSIVE;
				CLANG_WARN_UNREACHABLE_CODE = YES;
				CLANG_WARN__DUPLICATE_METHOD_MATCH = YES;
				COPY_PHASE_STRIP = NO;
				DEBUG_INFORMATION_FORMAT = "dwarf-with-dsym";
				ENABLE_NS_ASSERTIONS = NO;
				ENABLE_STRICT_OBJC_MSGSEND = YES;
				GCC_C_LANGUAGE_STANDARD = gnu11;
				GCC_NO_COMMON_BLOCKS = YES;
				GCC_WARN_64_TO_32_BIT_CONVERSION = YES;
				GCC_WARN_ABOUT_RETURN_TYPE = YES_ERROR;
				GCC_WARN_UNDECLARED_SELECTOR = YES;
				GCC_WARN_UNINITIALIZED_AUTOS = YES_AGGRESSIVE;
				GCC_WARN_UNUSED_FUNCTION = YES;
				GCC_WARN_UNUSED_VARIABLE = YES;
				IPHONEOS_DEPLOYMENT_TARGET = 16.0;
				MTL_ENABLE_DEBUG_INFO = NO;
				MTL_FAST_MATH = YES;
				SDKROOT = iphoneos;
				SWIFT_COMPILATION_MODE = wholemodule;
				SWIFT_OPTIMIZATION_LEVEL = "-O";
				VALIDATE_PRODUCT = YES;
			};
			name = Release;
		};
		84AF993529C1FDD200936DCB /* Debug */ = {
			isa = XCBuildConfiguration;
			buildSettings = {
				ASSETCATALOG_COMPILER_APPICON_NAME = AppIcon;
				ASSETCATALOG_COMPILER_GLOBAL_ACCENT_COLOR_NAME = AccentColor;
				CODE_SIGN_STYLE = Automatic;
				CURRENT_PROJECT_VERSION = 1;
				DEVELOPMENT_ASSET_PATHS = "\"Ws23(2)/Preview Content\"";
				DEVELOPMENT_TEAM = S87544GG4A;
				ENABLE_PREVIEWS = YES;
				GENERATE_INFOPLIST_FILE = YES;
				INFOPLIST_KEY_UIApplicationSceneManifest_Generation = YES;
				INFOPLIST_KEY_UIApplicationSupportsIndirectInputEvents = YES;
				INFOPLIST_KEY_UILaunchScreen_Generation = YES;
				INFOPLIST_KEY_UISupportedInterfaceOrientations_iPad = "UIInterfaceOrientationPortrait UIInterfaceOrientationPortraitUpsideDown UIInterfaceOrientationLandscapeLeft UIInterfaceOrientationLandscapeRight";
				INFOPLIST_KEY_UISupportedInterfaceOrientations_iPhone = "UIInterfaceOrientationPortrait UIInterfaceOrientationLandscapeLeft UIInterfaceOrientationLandscapeRight";
				LD_RUNPATH_SEARCH_PATHS = (
					"$(inherited)",
					"@executable_path/Frameworks",
				);
				MARKETING_VERSION = 1.0;
				PRODUCT_BUNDLE_IDENTIFIER = "me.whywelive.Ws23-2-";
				PRODUCT_NAME = "$(TARGET_NAME)";
				SWIFT_EMIT_LOC_STRINGS = YES;
				SWIFT_VERSION = 5.0;
				TARGETED_DEVICE_FAMILY = "1,2";
			};
			name = Debug;
		};
		84AF993629C1FDD200936DCB /* Release */ = {
			isa = XCBuildConfiguration;
			buildSettings = {
				ASSETCATALOG_COMPILER_APPICON_NAME = AppIcon;
				ASSETCATALOG_COMPILER_GLOBAL_ACCENT_COLOR_NAME = AccentColor;
				CODE_SIGN_STYLE = Automatic;
				CURRENT_PROJECT_VERSION = 1;
				DEVELOPMENT_ASSET_PATHS = "\"Ws23(2)/Preview Content\"";
				DEVELOPMENT_TEAM = S87544GG4A;
				ENABLE_PREVIEWS = YES;
				GENERATE_INFOPLIST_FILE = YES;
				INFOPLIST_KEY_UIApplicationSceneManifest_Generation = YES;
				INFOPLIST_KEY_UIApplicationSupportsIndirectInputEvents = YES;
				INFOPLIST_KEY_UILaunchScreen_Generation = YES;
				INFOPLIST_KEY_UISupportedInterfaceOrientations_iPad = "UIInterfaceOrientationPortrait UIInterfaceOrientationPortraitUpsideDown UIInterfaceOrientationLandscapeLeft UIInterfaceOrientationLandscapeRight";
				INFOPLIST_KEY_UISupportedInterfaceOrientations_iPhone = "UIInterfaceOrientationPortrait UIInterfaceOrientationLandscapeLeft UIInterfaceOrientationLandscapeRight";
				LD_RUNPATH_SEARCH_PATHS = (
					"$(inherited)",
					"@executable_path/Frameworks",
				);
				MARKETING_VERSION = 1.0;
				PRODUCT_BUNDLE_IDENTIFIER = "me.whywelive.Ws23-2-";
				PRODUCT_NAME = "$(TARGET_NAME)";
				SWIFT_EMIT_LOC_STRINGS = YES;
				SWIFT_VERSION = 5.0;
				TARGETED_DEVICE_FAMILY = "1,2";
			};
			name = Release;
		};
/* End XCBuildConfiguration section */

/* Begin XCConfigurationList section */
		84AF992129C1FDD100936DCB /* Build configuration list for PBXProject "Ws23(2)" */ = {
			isa = XCConfigurationList;
			buildConfigurations = (
				84AF993229C1FDD200936DCB /* Debug */,
				84AF993329C1FDD200936DCB /* Release */,
			);
			defaultConfigurationIsVisible = 0;
			defaultConfigurationName = Release;
		};
		84AF993429C1FDD200936DCB /* Build configuration list for PBXNativeTarget "Ws23(2)" */ = {
			isa = XCConfigurationList;
			buildConfigurations = (
				84AF993529C1FDD200936DCB /* Debug */,
				84AF993629C1FDD200936DCB /* Release */,
			);
			defaultConfigurationIsVisible = 0;
			defaultConfigurationName = Release;
		};
/* End XCConfigurationList section */

/* Begin XCRemoteSwiftPackageReference section */
		84AF993729C1FDE700936DCB /* XCRemoteSwiftPackageReference "SDWebImageSwiftUI" */ = {
			isa = XCRemoteSwiftPackageReference;
			repositoryURL = "https://github.com/SDWebImage/SDWebImageSwiftUI";
			requirement = {
				branch = master;
				kind = branch;
			};
		};
		84AF993A29C1FDFB00936DCB /* XCRemoteSwiftPackageReference "Alamofire" */ = {
			isa = XCRemoteSwiftPackageReference;
			repositoryURL = "https://github.com/Alamofire/Alamofire.git";
			requirement = {
				branch = master;
				kind = branch;
			};
		};
/* End XCRemoteSwiftPackageReference section */

/* Begin XCSwiftPackageProductDependency section */
		84AF993829C1FDE700936DCB /* SDWebImageSwiftUI */ = {
			isa = XCSwiftPackageProductDependency;
			package = 84AF993729C1FDE700936DCB /* XCRemoteSwiftPackageReference "SDWebImageSwiftUI" */;
			productName = SDWebImageSwiftUI;
		};
		84AF993B29C1FDFB00936DCB /* Alamofire */ = {
			isa = XCSwiftPackageProductDependency;
			package = 84AF993A29C1FDFB00936DCB /* XCRemoteSwiftPackageReference "Alamofire" */;
			productName = Alamofire;
		};
/* End XCSwiftPackageProductDependency section */
	};
	rootObject = 84AF991E29C1FDD100936DCB /* Project object */;
}
